
Microsoft Visual Studio Solution File, Format Version 12.00
# Visual Studio Version 17
VisualStudioVersion = 17.0.31903.59
MinimumVisualStudioVersion = 10.0.40219.1
Project("{FAE04EC0-301F-11D3-BF4B-00C04F79EFBC}") = "CQRS.Core", "..\CQRS\CQRS.Core\CQRS.Core.csproj", "{752388EA-3147-4E7C-A1DB-90174C79F7B2}"
EndProject
Project("{2150E333-8FDC-42A3-9474-1A3956D46DE8}") = "Post.Cmd", "Post.Cmd", "{628A6728-8FD2-2F2B-CBE6-CFCE3CD15DEA}"
EndProject
Project("{FAE04EC0-301F-11D3-BF4B-00C04F79EFBC}") = "Post.Cmd.Api", "Post.Cmd\Post.Cmd.Api\Post.Cmd.Api.csproj", "{5BA2FE05-C054-41F6-AF70-966F77017D33}"
EndProject
Project("{FAE04EC0-301F-11D3-BF4B-00C04F79EFBC}") = "Post.Cmd.Domain", "Post.Cmd\Post.Cmd.Domain\Post.Cmd.Domain.csproj", "{FE62AA64-74F0-45A7-ABCE-E0048A3B747A}"
EndProject
Project("{FAE04EC0-301F-11D3-BF4B-00C04F79EFBC}") = "Post.Cmd.Infrastructure", "Post.Cmd\Post.Cmd.Infrastructure\Post.Cmd.Infrastructure.csproj", "{087509C3-9CB9-409C-9CB0-7012131DC559}"
EndProject
Project("{2150E333-8FDC-42A3-9474-1A3956D46DE8}") = "Post.Query", "Post.Query", "{0D502CB4-2678-4901-9B60-A74053C7BF91}"
EndProject
Project("{FAE04EC0-301F-11D3-BF4B-00C04F79EFBC}") = "Post.Query.Api", "Post.Query\Post.Query.Api\Post.Query.Api.csproj", "{BCE44D5E-2C85-4283-901F-A80CF1BEBA9B}"
EndProject
Project("{FAE04EC0-301F-11D3-BF4B-00C04F79EFBC}") = "Post.Query.Domain", "Post.Query\Post.Query.Domain\Post.Query.Domain.csproj", "{ADD7A68F-FC2A-49A2-B092-990E5A5F361A}"
EndProject
Project("{FAE04EC0-301F-11D3-BF4B-00C04F79EFBC}") = "Post.Query.Infrastructure", "Post.Query\Post.Query.Infrastructure\Post.Query.Infrastructure.csproj", "{2B21A10B-E708-436B-A5F6-ECD04760EB20}"
EndProject
Project("{FAE04EC0-301F-11D3-BF4B-00C04F79EFBC}") = "Post.Common", "Post.Common\Post.Common.csproj", "{2E95338E-59F1-431D-9785-BEB11DEF216A}"
EndProject
Global
	GlobalSection(SolutionConfigurationPlatforms) = preSolution
		Debug|Any CPU = Debug|Any CPU
		Debug|x64 = Debug|x64
		Debug|x86 = Debug|x86
		Release|Any CPU = Release|Any CPU
		Release|x64 = Release|x64
		Release|x86 = Release|x86
	EndGlobalSection
	GlobalSection(ProjectConfigurationPlatforms) = postSolution
		{752388EA-3147-4E7C-A1DB-90174C79F7B2}.Debug|Any CPU.ActiveCfg = Debug|Any CPU
		{752388EA-3147-4E7C-A1DB-90174C79F7B2}.Debug|Any CPU.Build.0 = Debug|Any CPU
		{752388EA-3147-4E7C-A1DB-90174C79F7B2}.Debug|x64.ActiveCfg = Debug|Any CPU
		{752388EA-3147-4E7C-A1DB-90174C79F7B2}.Debug|x64.Build.0 = Debug|Any CPU
		{752388EA-3147-4E7C-A1DB-90174C79F7B2}.Debug|x86.ActiveCfg = Debug|Any CPU
		{752388EA-3147-4E7C-A1DB-90174C79F7B2}.Debug|x86.Build.0 = Debug|Any CPU
		{752388EA-3147-4E7C-A1DB-90174C79F7B2}.Release|Any CPU.ActiveCfg = Release|Any CPU
		{752388EA-3147-4E7C-A1DB-90174C79F7B2}.Release|Any CPU.Build.0 = Release|Any CPU
		{752388EA-3147-4E7C-A1DB-90174C79F7B2}.Release|x64.ActiveCfg = Release|Any CPU
		{752388EA-3147-4E7C-A1DB-90174C79F7B2}.Release|x64.Build.0 = Release|Any CPU
		{752388EA-3147-4E7C-A1DB-90174C79F7B2}.Release|x86.ActiveCfg = Release|Any CPU
		{752388EA-3147-4E7C-A1DB-90174C79F7B2}.Release|x86.Build.0 = Release|Any CPU
		{5BA2FE05-C054-41F6-AF70-966F77017D33}.Debug|Any CPU.ActiveCfg = Debug|Any CPU
		{5BA2FE05-C054-41F6-AF70-966F77017D33}.Debug|Any CPU.Build.0 = Debug|Any CPU
		{5BA2FE05-C054-41F6-AF70-966F77017D33}.Debug|x64.ActiveCfg = Debug|Any CPU
		{5BA2FE05-C054-41F6-AF70-966F77017D33}.Debug|x64.Build.0 = Debug|Any CPU
		{5BA2FE05-C054-41F6-AF70-966F77017D33}.Debug|x86.ActiveCfg = Debug|Any CPU
		{5BA2FE05-C054-41F6-AF70-966F77017D33}.Debug|x86.Build.0 = Debug|Any CPU
		{5BA2FE05-C054-41F6-AF70-966F77017D33}.Release|Any CPU.ActiveCfg = Release|Any CPU
		{5BA2FE05-C054-41F6-AF70-966F77017D33}.Release|Any CPU.Build.0 = Release|Any CPU
		{5BA2FE05-C054-41F6-AF70-966F77017D33}.Release|x64.ActiveCfg = Release|Any CPU
		{5BA2FE05-C054-41F6-AF70-966F77017D33}.Release|x64.Build.0 = Release|Any CPU
		{5BA2FE05-C054-41F6-AF70-966F77017D33}.Release|x86.ActiveCfg = Release|Any CPU
		{5BA2FE05-C054-41F6-AF70-966F77017D33}.Release|x86.Build.0 = Release|Any CPU
		{FE62AA64-74F0-45A7-ABCE-E0048A3B747A}.Debug|Any CPU.ActiveCfg = Debug|Any CPU
		{FE62AA64-74F0-45A7-ABCE-E0048A3B747A}.Debug|Any CPU.Build.0 = Debug|Any CPU
		{FE62AA64-74F0-45A7-ABCE-E0048A3B747A}.Debug|x64.ActiveCfg = Debug|Any CPU
		{FE62AA64-74F0-45A7-ABCE-E0048A3B747A}.Debug|x64.Build.0 = Debug|Any CPU
		{FE62AA64-74F0-45A7-ABCE-E0048A3B747A}.Debug|x86.ActiveCfg = Debug|Any CPU
		{FE62AA64-74F0-45A7-ABCE-E0048A3B747A}.Debug|x86.Build.0 = Debug|Any CPU
		{FE62AA64-74F0-45A7-ABCE-E0048A3B747A}.Release|Any CPU.ActiveCfg = Release|Any CPU
		{FE62AA64-74F0-45A7-ABCE-E0048A3B747A}.Release|Any CPU.Build.0 = Release|Any CPU
		{FE62AA64-74F0-45A7-ABCE-E0048A3B747A}.Release|x64.ActiveCfg = Release|Any CPU
		{FE62AA64-74F0-45A7-ABCE-E0048A3B747A}.Release|x64.Build.0 = Release|Any CPU
		{FE62AA64-74F0-45A7-ABCE-E0048A3B747A}.Release|x86.ActiveCfg = Release|Any CPU
		{FE62AA64-74F0-45A7-ABCE-E0048A3B747A}.Release|x86.Build.0 = Release|Any CPU
		{087509C3-9CB9-409C-9CB0-7012131DC559}.Debug|Any CPU.ActiveCfg = Debug|Any CPU
		{087509C3-9CB9-409C-9CB0-7012131DC559}.Debug|Any CPU.Build.0 = Debug|Any CPU
		{087509C3-9CB9-409C-9CB0-7012131DC559}.Debug|x64.ActiveCfg = Debug|Any CPU
		{087509C3-9CB9-409C-9CB0-7012131DC559}.Debug|x64.Build.0 = Debug|Any CPU
		{087509C3-9CB9-409C-9CB0-7012131DC559}.Debug|x86.ActiveCfg = Debug|Any CPU
		{087509C3-9CB9-409C-9CB0-7012131DC559}.Debug|x86.Build.0 = Debug|Any CPU
		{087509C3-9CB9-409C-9CB0-7012131DC559}.Release|Any CPU.ActiveCfg = Release|Any CPU
		{087509C3-9CB9-409C-9CB0-7012131DC559}.Release|Any CPU.Build.0 = Release|Any CPU
		{087509C3-9CB9-409C-9CB0-7012131DC559}.Release|x64.ActiveCfg = Release|Any CPU
		{087509C3-9CB9-409C-9CB0-7012131DC559}.Release|x64.Build.0 = Release|Any CPU
		{087509C3-9CB9-409C-9CB0-7012131DC559}.Release|x86.ActiveCfg = Release|Any CPU
		{087509C3-9CB9-409C-9CB0-7012131DC559}.Release|x86.Build.0 = Release|Any CPU
		{BCE44D5E-2C85-4283-901F-A80CF1BEBA9B}.Debug|Any CPU.ActiveCfg = Debug|Any CPU
		{BCE44D5E-2C85-4283-901F-A80CF1BEBA9B}.Debug|Any CPU.Build.0 = Debug|Any CPU
		{BCE44D5E-2C85-4283-901F-A80CF1BEBA9B}.Debug|x64.ActiveCfg = Debug|Any CPU
		{BCE44D5E-2C85-4283-901F-A80CF1BEBA9B}.Debug|x64.Build.0 = Debug|Any CPU
		{BCE44D5E-2C85-4283-901F-A80CF1BEBA9B}.Debug|x86.ActiveCfg = Debug|Any CPU
		{BCE44D5E-2C85-4283-901F-A80CF1BEBA9B}.Debug|x86.Build.0 = Debug|Any CPU
		{BCE44D5E-2C85-4283-901F-A80CF1BEBA9B}.Release|Any CPU.ActiveCfg = Release|Any CPU
		{BCE44D5E-2C85-4283-901F-A80CF1BEBA9B}.Release|Any CPU.Build.0 = Release|Any CPU
		{BCE44D5E-2C85-4283-901F-A80CF1BEBA9B}.Release|x64.ActiveCfg = Release|Any CPU
		{BCE44D5E-2C85-4283-901F-A80CF1BEBA9B}.Release|x64.Build.0 = Release|Any CPU
		{BCE44D5E-2C85-4283-901F-A80CF1BEBA9B}.Release|x86.ActiveCfg = Release|Any CPU
		{BCE44D5E-2C85-4283-901F-A80CF1BEBA9B}.Release|x86.Build.0 = Release|Any CPU
		{ADD7A68F-FC2A-49A2-B092-990E5A5F361A}.Debug|Any CPU.ActiveCfg = Debug|Any CPU
		{ADD7A68F-FC2A-49A2-B092-990E5A5F361A}.Debug|Any CPU.Build.0 = Debug|Any CPU
		{ADD7A68F-FC2A-49A2-B092-990E5A5F361A}.Debug|x64.ActiveCfg = Debug|Any CPU
		{ADD7A68F-FC2A-49A2-B092-990E5A5F361A}.Debug|x64.Build.0 = Debug|Any CPU
		{ADD7A68F-FC2A-49A2-B092-990E5A5F361A}.Debug|x86.ActiveCfg = Debug|Any CPU
		{ADD7A68F-FC2A-49A2-B092-990E5A5F361A}.Debug|x86.Build.0 = Debug|Any CPU
		{ADD7A68F-FC2A-49A2-B092-990E5A5F361A}.Release|Any CPU.ActiveCfg = Release|Any CPU
		{ADD7A68F-FC2A-49A2-B092-990E5A5F361A}.Release|Any CPU.Build.0 = Release|Any CPU
		{ADD7A68F-FC2A-49A2-B092-990E5A5F361A}.Release|x64.ActiveCfg = Release|Any CPU
		{ADD7A68F-FC2A-49A2-B092-990E5A5F361A}.Release|x64.Build.0 = Release|Any CPU
		{ADD7A68F-FC2A-49A2-B092-990E5A5F361A}.Release|x86.ActiveCfg = Release|Any CPU
		{ADD7A68F-FC2A-49A2-B092-990E5A5F361A}.Release|x86.Build.0 = Release|Any CPU
		{2B21A10B-E708-436B-A5F6-ECD04760EB20}.Debug|Any CPU.ActiveCfg = Debug|Any CPU
		{2B21A10B-E708-436B-A5F6-ECD04760EB20}.Debug|Any CPU.Build.0 = Debug|Any CPU
		{2B21A10B-E708-436B-A5F6-ECD04760EB20}.Debug|x64.ActiveCfg = Debug|Any CPU
		{2B21A10B-E708-436B-A5F6-ECD04760EB20}.Debug|x64.Build.0 = Debug|Any CPU
		{2B21A10B-E708-436B-A5F6-ECD04760EB20}.Debug|x86.ActiveCfg = Debug|Any CPU
		{2B21A10B-E708-436B-A5F6-ECD04760EB20}.Debug|x86.Build.0 = Debug|Any CPU
		{2B21A10B-E708-436B-A5F6-ECD04760EB20}.Release|Any CPU.ActiveCfg = Release|Any CPU
		{2B21A10B-E708-436B-A5F6-ECD04760EB20}.Release|Any CPU.Build.0 = Release|Any CPU
		{2B21A10B-E708-436B-A5F6-ECD04760EB20}.Release|x64.ActiveCfg = Release|Any CPU
		{2B21A10B-E708-436B-A5F6-ECD04760EB20}.Release|x64.Build.0 = Release|Any CPU
		{2B21A10B-E708-436B-A5F6-ECD04760EB20}.Release|x86.ActiveCfg = Release|Any CPU
		{2B21A10B-E708-436B-A5F6-ECD04760EB20}.Release|x86.Build.0 = Release|Any CPU
		{2E95338E-59F1-431D-9785-BEB11DEF216A}.Debug|Any CPU.ActiveCfg = Debug|Any CPU
		{2E95338E-59F1-431D-9785-BEB11DEF216A}.Debug|Any CPU.Build.0 = Debug|Any CPU
		{2E95338E-59F1-431D-9785-BEB11DEF216A}.Debug|x64.ActiveCfg = Debug|Any CPU
		{2E95338E-59F1-431D-9785-BEB11DEF216A}.Debug|x64.Build.0 = Debug|Any CPU
		{2E95338E-59F1-431D-9785-BEB11DEF216A}.Debug|x86.ActiveCfg = Debug|Any CPU
		{2E95338E-59F1-431D-9785-BEB11DEF216A}.Debug|x86.Build.0 = Debug|Any CPU
		{2E95338E-59F1-431D-9785-BEB11DEF216A}.Release|Any CPU.ActiveCfg = Release|Any CPU
		{2E95338E-59F1-431D-9785-BEB11DEF216A}.Release|Any CPU.Build.0 = Release|Any CPU
		{2E95338E-59F1-431D-9785-BEB11DEF216A}.Release|x64.ActiveCfg = Release|Any CPU
		{2E95338E-59F1-431D-9785-BEB11DEF216A}.Release|x64.Build.0 = Release|Any CPU
		{2E95338E-59F1-431D-9785-BEB11DEF216A}.Release|x86.ActiveCfg = Release|Any CPU
		{2E95338E-59F1-431D-9785-BEB11DEF216A}.Release|x86.Build.0 = Release|Any CPU
	EndGlobalSection
	GlobalSection(SolutionProperties) = preSolution
		HideSolutionNode = FALSE
	EndGlobalSection
	GlobalSection(NestedProjects) = preSolution
		{5BA2FE05-C054-41F6-AF70-966F77017D33} = {628A6728-8FD2-2F2B-CBE6-CFCE3CD15DEA}
		{FE62AA64-74F0-45A7-ABCE-E0048A3B747A} = {628A6728-8FD2-2F2B-CBE6-CFCE3CD15DEA}
		{087509C3-9CB9-409C-9CB0-7012131DC559} = {628A6728-8FD2-2F2B-CBE6-CFCE3CD15DEA}
		{BCE44D5E-2C85-4283-901F-A80CF1BEBA9B} = {0D502CB4-2678-4901-9B60-A74053C7BF91}
		{ADD7A68F-FC2A-49A2-B092-990E5A5F361A} = {0D502CB4-2678-4901-9B60-A74053C7BF91}
		{2B21A10B-E708-436B-A5F6-ECD04760EB20} = {0D502CB4-2678-4901-9B60-A74053C7BF91}
	EndGlobalSection
EndGlobal
